// !$*UTF8*$!
{
	archiveVersion = 1;
	classes = {
	};
	objectVersion = 77;
	objects = {

/* Begin PBXBuildFile section */
		2D18111FB7F845DEDC92D582 /* thumbnail.png in Resources */ = {isa = PBXBuildFile; fileRef = EDB264531B9A64927BFD51CA /* thumbnail.png */; };
		4DC5492F579264B91BD8258E /* Formula.swift in Sources */ = {isa = PBXBuildFile; fileRef = AA38C37D4057E55AC863FECA /* Formula.swift */; };
		6E827BEC35E245858A39C8DB /* MetalKit.framework in Frameworks */ = {isa = PBXBuildFile; fileRef = 785391AFEDB4B8402FB1049A /* MetalKit.framework */; };
		75078BAC531B40B8EC842E95 /* ConfigureSheetController.swift in Sources */ = {isa = PBXBuildFile; fileRef = 5182EF5EAAC55CF42BD8D8B5 /* ConfigureSheetController.swift */; };
		903CF591FE3704F8EF11175B /* Defaults.swift in Sources */ = {isa = PBXBuildFile; fileRef = 9FC593DB4CA97905E221939C /* Defaults.swift */; };
		9EEF745F080DDB75835B0A04 /* FractalSaverView.swift in Sources */ = {isa = PBXBuildFile; fileRef = C59543CA5D645C673BCF8590 /* FractalSaverView.swift */; };
		A27C878096E7B0E40096E241 /* Renderer.swift in Sources */ = {isa = PBXBuildFile; fileRef = CDD20DF95CFE911880DBACEB /* Renderer.swift */; };
		A5E815D9F9305784089A79D7 /* MetalDevicePicker.swift in Sources */ = {isa = PBXBuildFile; fileRef = 6DCC76F4644DC2270E6E5802 /* MetalDevicePicker.swift */; };
		AFFDAF483AD7C35EB1928BC5 /* thumbnail@2x.png in Resources */ = {isa = PBXBuildFile; fileRef = C618B5FA564AFFBA06EA8777 /* thumbnail@2x.png */; };
		BC4578F978AF1BBF7DFE6E7A /* AppIcon.icns in Resources */ = {isa = PBXBuildFile; fileRef = F6A066EAA6BEB8B768600BB5 /* AppIcon.icns */; };
		C399ED542A52B67AEDEBFA1D /* Metal.framework in Frameworks */ = {isa = PBXBuildFile; fileRef = D95DB06C8D3B471D63DDCC1B /* Metal.framework */; };
		D08F6D4668B8DA08E010B406 /* ScreenSaver.framework in Frameworks */ = {isa = PBXBuildFile; fileRef = 040C03ADC4F4F93E228312C6 /* ScreenSaver.framework */; };
		D0E7ED762A931E73D4AC228D /* Cocoa.framework in Frameworks */ = {isa = PBXBuildFile; fileRef = 60FBB0623D562969111197AA /* Cocoa.framework */; };
		DCA53BBD63252B921DB96490 /* Shaders.metal in Sources */ = {isa = PBXBuildFile; fileRef = 610226012CCA102681CE9867 /* Shaders.metal */; };
		FDFB7269B9CA2D95FDD947B1 /* thumbnail.tiff in Resources */ = {isa = PBXBuildFile; fileRef = C356835138C70770093C5926 /* thumbnail.tiff */; };
/* End PBXBuildFile section */

/* Begin PBXFileReference section */
		040C03ADC4F4F93E228312C6 /* ScreenSaver.framework */ = {isa = PBXFileReference; lastKnownFileType = wrapper.framework; name = ScreenSaver.framework; path = System/Library/Frameworks/ScreenSaver.framework; sourceTree = SDKROOT; };
		1F54D60EC9773F1B2B80C3D8 /* Info.plist */ = {isa = PBXFileReference; lastKnownFileType = text.plist; path = Info.plist; sourceTree = "<group>"; };
		4A1FB6F62C96037E90F79520 /* FractalSaver.bundle */ = {isa = PBXFileReference; explicitFileType = wrapper.cfbundle; includeInIndex = 0; path = FractalSaver.bundle; sourceTree = BUILT_PRODUCTS_DIR; };
		5182EF5EAAC55CF42BD8D8B5 /* ConfigureSheetController.swift */ = {isa = PBXFileReference; lastKnownFileType = sourcecode.swift; path = ConfigureSheetController.swift; sourceTree = "<group>"; };
		60FBB0623D562969111197AA /* Cocoa.framework */ = {isa = PBXFileReference; lastKnownFileType = wrapper.framework; name = Cocoa.framework; path = System/Library/Frameworks/Cocoa.framework; sourceTree = SDKROOT; };
		610226012CCA102681CE9867 /* Shaders.metal */ = {isa = PBXFileReference; lastKnownFileType = sourcecode.metal; path = Shaders.metal; sourceTree = "<group>"; };
		6DCC76F4644DC2270E6E5802 /* MetalDevicePicker.swift */ = {isa = PBXFileReference; lastKnownFileType = sourcecode.swift; path = MetalDevicePicker.swift; sourceTree = "<group>"; };
		785391AFEDB4B8402FB1049A /* MetalKit.framework */ = {isa = PBXFileReference; lastKnownFileType = wrapper.framework; name = MetalKit.framework; path = System/Library/Frameworks/MetalKit.framework; sourceTree = SDKROOT; };
		9FC593DB4CA97905E221939C /* Defaults.swift */ = {isa = PBXFileReference; lastKnownFileType = sourcecode.swift; path = Defaults.swift; sourceTree = "<group>"; };
		AA38C37D4057E55AC863FECA /* Formula.swift */ = {isa = PBXFileReference; lastKnownFileType = sourcecode.swift; path = Formula.swift; sourceTree = "<group>"; };
		C356835138C70770093C5926 /* thumbnail.tiff */ = {isa = PBXFileReference; lastKnownFileType = image.tiff; path = thumbnail.tiff; sourceTree = "<group>"; };
		C59543CA5D645C673BCF8590 /* FractalSaverView.swift */ = {isa = PBXFileReference; lastKnownFileType = sourcecode.swift; path = FractalSaverView.swift; sourceTree = "<group>"; };
		C618B5FA564AFFBA06EA8777 /* thumbnail@2x.png */ = {isa = PBXFileReference; lastKnownFileType = image.png; path = "thumbnail@2x.png"; sourceTree = "<group>"; };
		CDD20DF95CFE911880DBACEB /* Renderer.swift */ = {isa = PBXFileReference; lastKnownFileType = sourcecode.swift; path = Renderer.swift; sourceTree = "<group>"; };
		D95DB06C8D3B471D63DDCC1B /* Metal.framework */ = {isa = PBXFileReference; lastKnownFileType = wrapper.framework; name = Metal.framework; path = System/Library/Frameworks/Metal.framework; sourceTree = SDKROOT; };
		EDB264531B9A64927BFD51CA /* thumbnail.png */ = {isa = PBXFileReference; lastKnownFileType = image.png; path = thumbnail.png; sourceTree = "<group>"; };
		F6A066EAA6BEB8B768600BB5 /* AppIcon.icns */ = {isa = PBXFileReference; lastKnownFileType = image.icns; path = AppIcon.icns; sourceTree = "<group>"; };
/* End PBXFileReference section */

/* Begin PBXFrameworksBuildPhase section */
		87F1BDDC484A072793A9ECD3 /* Frameworks */ = {
			isa = PBXFrameworksBuildPhase;
			buildActionMask = 2147483647;
			files = (
				D08F6D4668B8DA08E010B406 /* ScreenSaver.framework in Frameworks */,
				C399ED542A52B67AEDEBFA1D /* Metal.framework in Frameworks */,
				6E827BEC35E245858A39C8DB /* MetalKit.framework in Frameworks */,
				D0E7ED762A931E73D4AC228D /* Cocoa.framework in Frameworks */,
			);
			runOnlyForDeploymentPostprocessing = 0;
		};
/* End PBXFrameworksBuildPhase section */

/* Begin PBXGroup section */
		07789647CC6023C69995D05A = {
			isa = PBXGroup;
			children = (
				18681894CFB842F370AA0716 /* Resources */,
				E4B6FA7CAA17E3B86CE68355 /* Shaders */,
				CD89540DE6192DB2028652EA /* Sources */,
				1C436AEAEF61AA410DDA9C07 /* Frameworks */,
				3E3B9E7D6CA23FB99F3DB6EB /* Products */,
			);
			sourceTree = "<group>";
		};
		18681894CFB842F370AA0716 /* Resources */ = {
			isa = PBXGroup;
			children = (
				F6A066EAA6BEB8B768600BB5 /* AppIcon.icns */,
				EDB264531B9A64927BFD51CA /* thumbnail.png */,
				C356835138C70770093C5926 /* thumbnail.tiff */,
				C618B5FA564AFFBA06EA8777 /* thumbnail@2x.png */,
			);
			path = Resources;
			sourceTree = "<group>";
		};
		1C436AEAEF61AA410DDA9C07 /* Frameworks */ = {
			isa = PBXGroup;
			children = (
				60FBB0623D562969111197AA /* Cocoa.framework */,
				D95DB06C8D3B471D63DDCC1B /* Metal.framework */,
				785391AFEDB4B8402FB1049A /* MetalKit.framework */,
				040C03ADC4F4F93E228312C6 /* ScreenSaver.framework */,
			);
			name = Frameworks;
			sourceTree = "<group>";
		};
		3E3B9E7D6CA23FB99F3DB6EB /* Products */ = {
			isa = PBXGroup;
			children = (
				4A1FB6F62C96037E90F79520 /* FractalSaver.bundle */,
			);
			name = Products;
			sourceTree = "<group>";
		};
		CD89540DE6192DB2028652EA /* Sources */ = {
			isa = PBXGroup;
			children = (
				5182EF5EAAC55CF42BD8D8B5 /* ConfigureSheetController.swift */,
				9FC593DB4CA97905E221939C /* Defaults.swift */,
				AA38C37D4057E55AC863FECA /* Formula.swift */,
				C59543CA5D645C673BCF8590 /* FractalSaverView.swift */,
				1F54D60EC9773F1B2B80C3D8 /* Info.plist */,
				6DCC76F4644DC2270E6E5802 /* MetalDevicePicker.swift */,
				CDD20DF95CFE911880DBACEB /* Renderer.swift */,
			);
			path = Sources;
			sourceTree = "<group>";
		};
		E4B6FA7CAA17E3B86CE68355 /* Shaders */ = {
			isa = PBXGroup;
			children = (
				610226012CCA102681CE9867 /* Shaders.metal */,
			);
			path = Shaders;
			sourceTree = "<group>";
		};
/* End PBXGroup section */

/* Begin PBXNativeTarget section */
		C74D70C6DBA236D46F7BE938 /* FractalSaver */ = {
			isa = PBXNativeTarget;
			buildConfigurationList = B12D90D184E38074BAF3761A /* Build configuration list for PBXNativeTarget "FractalSaver" */;
			buildPhases = (
				767D545CCED2013BDB6F1E1F /* Sources */,
				CE04245D2672D5AA7918C16F /* Resources */,
				87F1BDDC484A072793A9ECD3 /* Frameworks */,
			);
			buildRules = (
			);
			dependencies = (
			);
			name = FractalSaver;
			packageProductDependencies = (
			);
			productName = FractalSaver;
			productReference = 4A1FB6F62C96037E90F79520 /* FractalSaver.bundle */;
			productType = "com.apple.product-type.bundle";
		};
/* End PBXNativeTarget section */

/* Begin PBXProject section */
		755096ECEB7134FF8F0F4FBB /* Project object */ = {
			isa = PBXProject;
			attributes = {
				BuildIndependentTargetsInParallel = YES;
				LastUpgradeCheck = 1430;
				TargetAttributes = {
					C74D70C6DBA236D46F7BE938 = {
						DevelopmentTeam = YOUR_TEAM_ID;
					};
				};
			};
			buildConfigurationList = 229E7A56AEFAC5829718643B /* Build configuration list for PBXProject "FractalSaver" */;
			developmentRegion = en;
			hasScannedForEncodings = 0;
			knownRegions = (
				Base,
				en,
			);
			mainGroup = 07789647CC6023C69995D05A;
			minimizedProjectReferenceProxies = 1;
			preferredProjectObjectVersion = 77;
			productRefGroup = 3E3B9E7D6CA23FB99F3DB6EB /* Products */;
			projectDirPath = "";
			projectRoot = "";
			targets = (
				C74D70C6DBA236D46F7BE938 /* FractalSaver */,
			);
		};
/* End PBXProject section */

/* Begin PBXResourcesBuildPhase section */
		CE04245D2672D5AA7918C16F /* Resources */ = {
			isa = PBXResourcesBuildPhase;
			buildActionMask = 2147483647;
			files = (
				BC4578F978AF1BBF7DFE6E7A /* AppIcon.icns in Resources */,
				2D18111FB7F845DEDC92D582 /* thumbnail.png in Resources */,
				FDFB7269B9CA2D95FDD947B1 /* thumbnail.tiff in Resources */,
				AFFDAF483AD7C35EB1928BC5 /* thumbnail@2x.png in Resources */,
			);
			runOnlyForDeploymentPostprocessing = 0;
		};
/* End PBXResourcesBuildPhase section */

/* Begin PBXSourcesBuildPhase section */
		767D545CCED2013BDB6F1E1F /* Sources */ = {
			isa = PBXSourcesBuildPhase;
			buildActionMask = 2147483647;
			files = (
				75078BAC531B40B8EC842E95 /* ConfigureSheetController.swift in Sources */,
				903CF591FE3704F8EF11175B /* Defaults.swift in Sources */,
				4DC5492F579264B91BD8258E /* Formula.swift in Sources */,
				9EEF745F080DDB75835B0A04 /* FractalSaverView.swift in Sources */,
				A5E815D9F9305784089A79D7 /* MetalDevicePicker.swift in Sources */,
				A27C878096E7B0E40096E241 /* Renderer.swift in Sources */,
				DCA53BBD63252B921DB96490 /* Shaders.metal in Sources */,
			);
			runOnlyForDeploymentPostprocessing = 0;
		};
/* End PBXSourcesBuildPhase section */

/* Begin XCBuildConfiguration section */
		713DC32D35684A8DEBEA12B7 /* Debug */ = {
			isa = XCBuildConfiguration;
			buildSettings = {
				COMBINE_HIDPI_IMAGES = NO;
				CURRENT_PROJECT_VERSION = 4;
				FRAMEWORK_SEARCH_PATHS = "$(inherited)";
				GENERATE_INFOPLIST_FILE = NO;
				INFOPLIST_FILE = Sources/Info.plist;
				LD_RUNPATH_SEARCH_PATHS = (
					"$(inherited)",
					"@executable_path/../Frameworks",
				);
				MACOSX_DEPLOYMENT_TARGET = 13.0;
				MARKETING_VERSION = 1.0;
				MTL_FAST_MATH = NO;
				PRODUCT_BUNDLE_IDENTIFIER = de.r8lle.screensaver.fractal;
				SDKROOT = macosx;
				SKIP_INSTALL = NO;
				WRAPPER_EXTENSION = saver;
			};
			name = Debug;
		};
		8DF52FE3377A3145B1F2D8EE /* Debug */ = {
			isa = XCBuildConfiguration;
			buildSettings = {
				ALWAYS_SEARCH_USER_PATHS = NO;
				ARCHS = "$(ARCHS_STANDARD)";
				CLANG_ANALYZER_NONNULL = YES;
				CLANG_ANALYZER_NUMBER_OBJECT_CONVERSION = YES_AGGRESSIVE;
				CLANG_CXX_LANGUAGE_STANDARD = "gnu++14";
				CLANG_CXX_LIBRARY = "libc++";
				CLANG_ENABLE_MODULES = YES;
				CLANG_ENABLE_OBJC_ARC = YES;
				CLANG_ENABLE_OBJC_WEAK = YES;
				CLANG_WARN_BLOCK_CAPTURE_AUTORELEASING = YES;
				CLANG_WARN_BOOL_CONVERSION = YES;
				CLANG_WARN_COMMA = YES;
				CLANG_WARN_CONSTANT_CONVERSION = YES;
				CLANG_WARN_DEPRECATED_OBJC_IMPLEMENTATIONS = YES;
				CLANG_WARN_DIRECT_OBJC_ISA_USAGE = YES_ERROR;
				CLANG_WARN_DOCUMENTATION_COMMENTS = YES;
				CLANG_WARN_EMPTY_BODY = YES;
				CLANG_WARN_ENUM_CONVERSION = YES;
				CLANG_WARN_INFINITE_RECURSION = YES;
				CLANG_WARN_INT_CONVERSION = YES;
				CLANG_WARN_NON_LITERAL_NULL_CONVERSION = YES;
				CLANG_WARN_OBJC_IMPLICIT_RETAIN_SELF = YES;
				CLANG_WARN_OBJC_LITERAL_CONVERSION = YES;
				CLANG_WARN_OBJC_ROOT_CLASS = YES_ERROR;
				CLANG_WARN_QUOTED_INCLUDE_IN_FRAMEWORK_HEADER = YES;
				CLANG_WARN_RANGE_LOOP_ANALYSIS = YES;
				CLANG_WARN_STRICT_PROTOTYPES = YES;
				CLANG_WARN_SUSPICIOUS_MOVE = YES;
				CLANG_WARN_UNGUARDED_AVAILABILITY = YES_AGGRESSIVE;
				CLANG_WARN_UNREACHABLE_CODE = YES;
				CLANG_WARN__DUPLICATE_METHOD_MATCH = YES;
				CODE_SIGN_STYLE = Automatic;
				COPY_PHASE_STRIP = NO;
				DEBUG_INFORMATION_FORMAT = dwarf;
				DEVELOPMENT_TEAM = YOUR_TEAM_ID;
				ENABLE_HARDENED_RUNTIME = YES;
				ENABLE_STRICT_OBJC_MSGSEND = YES;
				ENABLE_TESTABILITY = YES;
				GCC_C_LANGUAGE_STANDARD = gnu11;
				GCC_DYNAMIC_NO_PIC = NO;
				GCC_NO_COMMON_BLOCKS = YES;
				GCC_OPTIMIZATION_LEVEL = 0;
				GCC_PREPROCESSOR_DEFINITIONS = (
					"$(inherited)",
					"DEBUG=1",
				);
				GCC_WARN_64_TO_32_BIT_CONVERSION = YES;
				GCC_WARN_ABOUT_RETURN_TYPE = YES_ERROR;
				GCC_WARN_UNDECLARED_SELECTOR = YES;
				GCC_WARN_UNINITIALIZED_AUTOS = YES_AGGRESSIVE;
				GCC_WARN_UNUSED_FUNCTION = YES;
				GCC_WARN_UNUSED_VARIABLE = YES;
				MACOSX_DEPLOYMENT_TARGET = 13.0;
				MTL_ENABLE_DEBUG_INFO = INCLUDE_SOURCE;
				MTL_FAST_MATH = YES;
				ONLY_ACTIVE_ARCH = YES;
				PRODUCT_NAME = "$(TARGET_NAME)";
				SDKROOT = macosx;
				SWIFT_ACTIVE_COMPILATION_CONDITIONS = DEBUG;
				SWIFT_OPTIMIZATION_LEVEL = "-Onone";
				SWIFT_VERSION = 5.0;
			};
			name = Debug;
		};
		A0F5F226982BF8E92EE93125 /* Release */ = {
			isa = XCBuildConfiguration;
			buildSettings = {
				COMBINE_HIDPI_IMAGES = NO;
				CURRENT_PROJECT_VERSION = 4;
				FRAMEWORK_SEARCH_PATHS = "$(inherited)";
				GENERATE_INFOPLIST_FILE = NO;
				INFOPLIST_FILE = Sources/Info.plist;
				LD_RUNPATH_SEARCH_PATHS = (
					"$(inherited)",
					"@executable_path/../Frameworks",
				);
				MACOSX_DEPLOYMENT_TARGET = 13.0;
				MARKETING_VERSION = 1.0;
				MTL_FAST_MATH = NO;
				PRODUCT_BUNDLE_IDENTIFIER = de.r8lle.screensaver.fractal;
				SDKROOT = macosx;
				SKIP_INSTALL = NO;
				WRAPPER_EXTENSION = saver;
			};
			name = Release;
		};
		C7660C02EA263BC62AC1BF63 /* Release */ = {
			isa = XCBuildConfiguration;
			buildSettings = {
				ALWAYS_SEARCH_USER_PATHS = NO;
				ARCHS = "$(ARCHS_STANDARD)";
				CLANG_ANALYZER_NONNULL = YES;
				CLANG_ANALYZER_NUMBER_OBJECT_CONVERSION = YES_AGGRESSIVE;
				CLANG_CXX_LANGUAGE_STANDARD = "gnu++14";
				CLANG_CXX_LIBRARY = "libc++";
				CLANG_ENABLE_MODULES = YES;
				CLANG_ENABLE_OBJC_ARC = YES;
				CLANG_ENABLE_OBJC_WEAK = YES;
				CLANG_WARN_BLOCK_CAPTURE_AUTORELEASING = YES;
				CLANG_WARN_BOOL_CONVERSION = YES;
				CLANG_WARN_COMMA = YES;
				CLANG_WARN_CONSTANT_CONVERSION = YES;
				CLANG_WARN_DEPRECATED_OBJC_IMPLEMENTATIONS = YES;
				CLANG_WARN_DIRECT_OBJC_ISA_USAGE = YES_ERROR;
				CLANG_WARN_DOCUMENTATION_COMMENTS = YES;
				CLANG_WARN_EMPTY_BODY = YES;
				CLANG_WARN_ENUM_CONVERSION = YES;
				CLANG_WARN_INFINITE_RECURSION = YES;
				CLANG_WARN_INT_CONVERSION = YES;
				CLANG_WARN_NON_LITERAL_NULL_CONVERSION = YES;
				CLANG_WARN_OBJC_IMPLICIT_RETAIN_SELF = YES;
				CLANG_WARN_OBJC_LITERAL_CONVERSION = YES;
				CLANG_WARN_OBJC_ROOT_CLASS = YES_ERROR;
				CLANG_WARN_QUOTED_INCLUDE_IN_FRAMEWORK_HEADER = YES;
				CLANG_WARN_RANGE_LOOP_ANALYSIS = YES;
				CLANG_WARN_STRICT_PROTOTYPES = YES;
				CLANG_WARN_SUSPICIOUS_MOVE = YES;
				CLANG_WARN_UNGUARDED_AVAILABILITY = YES_AGGRESSIVE;
				CLANG_WARN_UNREACHABLE_CODE = YES;
				CLANG_WARN__DUPLICATE_METHOD_MATCH = YES;
				CODE_SIGN_IDENTITY = "Developer ID Application";
				CODE_SIGN_STYLE = Manual;
				COPY_PHASE_STRIP = NO;
				DEBUG_INFORMATION_FORMAT = "dwarf-with-dsym";
				DEVELOPMENT_TEAM = YOUR_TEAM_ID;
				ENABLE_HARDENED_RUNTIME = YES;
				ENABLE_NS_ASSERTIONS = NO;
				ENABLE_STRICT_OBJC_MSGSEND = YES;
				GCC_C_LANGUAGE_STANDARD = gnu11;
				GCC_NO_COMMON_BLOCKS = YES;
				GCC_WARN_64_TO_32_BIT_CONVERSION = YES;
				GCC_WARN_ABOUT_RETURN_TYPE = YES_ERROR;
				GCC_WARN_UNDECLARED_SELECTOR = YES;
				GCC_WARN_UNINITIALIZED_AUTOS = YES_AGGRESSIVE;
				GCC_WARN_UNUSED_FUNCTION = YES;
				GCC_WARN_UNUSED_VARIABLE = YES;
				MACOSX_DEPLOYMENT_TARGET = 13.0;
				MTL_ENABLE_DEBUG_INFO = NO;
				MTL_FAST_MATH = YES;
				ONLY_ACTIVE_ARCH = NO;
				PRODUCT_NAME = "$(TARGET_NAME)";
				SDKROOT = macosx;
				SWIFT_COMPILATION_MODE = wholemodule;
				SWIFT_OPTIMIZATION_LEVEL = "-O";
				SWIFT_VERSION = 5.0;
			};
			name = Release;
		};
/* End XCBuildConfiguration section */

/* Begin XCConfigurationList section */
		229E7A56AEFAC5829718643B /* Build configuration list for PBXProject "FractalSaver" */ = {
			isa = XCConfigurationList;
			buildConfigurations = (
				8DF52FE3377A3145B1F2D8EE /* Debug */,
				C7660C02EA263BC62AC1BF63 /* Release */,
			);
			defaultConfigurationIsVisible = 0;
			defaultConfigurationName = Debug;
		};
		B12D90D184E38074BAF3761A /* Build configuration list for PBXNativeTarget "FractalSaver" */ = {
			isa = XCConfigurationList;
			buildConfigurations = (
				713DC32D35684A8DEBEA12B7 /* Debug */,
				A0F5F226982BF8E92EE93125 /* Release */,
			);
			defaultConfigurationIsVisible = 0;
			defaultConfigurationName = Debug;
		};
/* End XCConfigurationList section */
	};
	rootObject = 755096ECEB7134FF8F0F4FBB /* Project object */;
}
